
Microsoft Visual Studio Solution File, Format Version 12.00
# Visual Studio Version 17
VisualStudioVersion = 17.5.33502.453
MinimumVisualStudioVersion = 10.0.40219.1
Project("{FAE04EC0-301F-11D3-BF4B-00C04F79EFBC}") = "TossalERP", "TossalERP.csproj", "{5D62AE50-15DA-4763-9AF4-4489B1F01FC4}"
EndProject
Global
	GlobalSection(SolutionConfigurationPlatforms) = preSolution
		Debug|Any CPU = Debug|Any CPU
		Release|Any CPU = Release|Any CPU
	EndGlobalSection
	GlobalSection(ProjectConfigurationPlatforms) = postSolution
		{5D62AE50-15DA-4763-9AF4-4489B1F01FC4}.Debug|Any CPU.ActiveCfg = Debug|Any CPU
		{5D62AE50-15DA-4763-9AF4-4489B1F01FC4}.Debug|Any CPU.Build.0 = Debug|Any CPU
		{5D62AE50-15DA-4763-9AF4-4489B1F01FC4}.Release|Any CPU.ActiveCfg = Release|Any CPU
		{5D62AE50-15DA-4763-9AF4-4489B1F01FC4}.Release|Any CPU.Build.0 = Release|Any CPU
	EndGlobalSection
	GlobalSection(SolutionProperties) = preSolution
		HideSolutionNode = FALSE
	EndGlobalSection
	GlobalSection(ExtensibilityGlobals) = postSolution
		SolutionGuid = {4B6AA04A-D927-47F3-BECF-42B33B80474B}
	EndGlobalSection
EndGlobal
